# THIS IS AN AUTOGENERATED FILE. DO NOT EDIT THIS FILE DIRECTLY.
# yarn lockfile v1


antlr4ts-cli@^0.5.0-alpha.4:
  version "0.5.0-alpha.4"
  resolved "https://registry.nlark.com/antlr4ts-cli/download/antlr4ts-cli-0.5.0-alpha.4.tgz#f3bfc37f10131e78d7b981c397a2aaa0450b67f6"
  integrity sha1-87/DfxATHnjXuYHDl6KqoEULZ/Y=

antlr4ts@^0.5.0-alpha.4:
  version "0.5.0-alpha.4"
  resolved "https://registry.npm.taobao.org/antlr4ts/download/antlr4ts-0.5.0-alpha.4.tgz#71702865a87478ed0b40c0709f422cf14d51652a"
  integrity sha1-cXAoZah0eO0LQMBwn0Is8U1RZSo=
